dependencies:
- name: postgresql
  repository: oci://registry-1.docker.io/bitnamicharts
  version: 16.7.19
- name: dependency-track
  repository: https://dependencytrack.github.io/helm-charts
  version: 0.39.0
digest: sha256:129617a8c92a2eb1d83b543b309d5107a94176fb81d798813791f9a4926c092c
generated: "2025-11-06T10:56:42.567041996-05:00"
